
Microsoft Visual Studio Solution File, Format Version 12.00
# Visual Studio Version 17
VisualStudioVersion = 17.14.36327.8 d17.14
MinimumVisualStudioVersion = 10.0.40219.1
Project("{FAE04EC0-301F-11D3-BF4B-00C04F79EFBC}") = "BlazorAuthentication", "BlazorAuthentication\BlazorAuthentication.csproj", "{D790579F-0154-4771-8DC1-586B74A86027}"
EndProject
Project("{FAE04EC0-301F-11D3-BF4B-00C04F79EFBC}") = "BlazorAuthentication.Client", "BlazorAuthentication.Client\BlazorAuthentication.Client.csproj", "{9BB058DB-2AB9-4FFA-9358-188820255B59}"
EndProject
Global
	GlobalSection(SolutionConfigurationPlatforms) = preSolution
		Debug|Any CPU = Debug|Any CPU
		Release|Any CPU = Release|Any CPU
	EndGlobalSection
	GlobalSection(ProjectConfigurationPlatforms) = postSolution
		{D790579F-0154-4771-8DC1-586B74A86027}.Debug|Any CPU.ActiveCfg = Debug|Any CPU
		{D790579F-0154-4771-8DC1-586B74A86027}.Debug|Any CPU.Build.0 = Debug|Any CPU
		{D790579F-0154-4771-8DC1-586B74A86027}.Release|Any CPU.ActiveCfg = Release|Any CPU
		{D790579F-0154-4771-8DC1-586B74A86027}.Release|Any CPU.Build.0 = Release|Any CPU
		{9BB058DB-2AB9-4FFA-9358-188820255B59}.Debug|Any CPU.ActiveCfg = Debug|Any CPU
		{9BB058DB-2AB9-4FFA-9358-188820255B59}.Debug|Any CPU.Build.0 = Debug|Any CPU
		{9BB058DB-2AB9-4FFA-9358-188820255B59}.Release|Any CPU.ActiveCfg = Release|Any CPU
		{9BB058DB-2AB9-4FFA-9358-188820255B59}.Release|Any CPU.Build.0 = Release|Any CPU
	EndGlobalSection
	GlobalSection(SolutionProperties) = preSolution
		HideSolutionNode = FALSE
	EndGlobalSection
	GlobalSection(ExtensibilityGlobals) = postSolution
		SolutionGuid = {D63A10AC-6902-4210-86A1-DF564577E1B5}
	EndGlobalSection
EndGlobal
